# This file is automatically @generated by Cargo.
# It is not intended for manual editing.
version = 3

[[package]]
name = "adler"
version = "1.0.2"
source = "registry+https://github.com/rust-lang/crates.io-index"
checksum = "f26201604c87b1e01bd3d98f8d5d9a8fcbb815e8cedb41ffccbeb4bf593a35fe"

[[package]]
name = "adler32"
version = "1.2.0"
source = "registry+https://github.com/rust-lang/crates.io-index"
checksum = "aae1277d39aeec15cb388266ecc24b11c80469deae6067e17a1a7aa9e5c1f234"

[[package]]
name = "bitflags"
version = "1.3.2"
source = "registry+https://github.com/rust-lang/crates.io-index"
checksum = "bef38d45163c2f1dde094a7dfd33ccf595c92905c8f8f4fdc18d06fb1037718a"

[[package]]
name = "byteorder"
version = "1.4.3"
source = "registry+https://github.com/rust-lang/crates.io-index"
checksum = "14c189c53d098945499cdfa7ecc63567cf3886b3332b312a5b4585d8d3a6a610"

[[package]]
name = "cfg-if"
version = "1.0.0"
source = "registry+https://github.com/rust-lang/crates.io-index"
checksum = "baf1de4339761588bc0619e3cbc0120ee582ebb74b53b4efbf79117bd2da40fd"

[[package]]
name = "crc32fast"
version = "1.3.2"
source = "registry+https://github.com/rust-lang/crates.io-index"
checksum = "b540bd8bc810d3885c6ea91e2018302f68baba2129ab3e88f32389ee9370880d"
dependencies = [
 "cfg-if",
]

[[package]]
name = "fdeflate"
version = "0.3.0"
source = "registry+https://github.com/rust-lang/crates.io-index"
checksum = "d329bdeac514ee06249dabc27877490f17f5d371ec693360768b838e19f3ae10"
dependencies = [
 "simd-adler32",
]

[[package]]
name = "flate2"
version = "1.0.26"
source = "registry+https://github.com/rust-lang/crates.io-index"
checksum = "3b9429470923de8e8cbd4d2dc513535400b4b3fef0319fb5c4e1f520a7bef743"
dependencies = [
 "crc32fast",
 "miniz_oxide",
]

[[package]]
name = "gensite"
version = "0.1.0"
dependencies = [
 "orfail",
 "pixcil",
]

[[package]]
name = "getrandom"
version = "0.2.9"
source = "registry+https://github.com/rust-lang/crates.io-index"
checksum = "c85e1d9ab2eadba7e5040d4e09cbd6d072b76a557ad64e797c2cb9d4da21d7e4"
dependencies = [
 "cfg-if",
 "libc",
 "wasi",
]

[[package]]
name = "itoa"
version = "1.0.6"
source = "registry+https://github.com/rust-lang/crates.io-index"
checksum = "453ad9f582a441959e5f0d088b02ce04cfe8d51a8eaf077f12ac6d3e94164ca6"

[[package]]
name = "libc"
version = "0.2.144"
source = "registry+https://github.com/rust-lang/crates.io-index"
checksum = "2b00cc1c228a6782d0f076e7b232802e0c5689d41bb5df366f2a6b6621cfdfe1"

[[package]]
name = "libflate"
version = "1.4.0"
source = "registry+https://github.com/rust-lang/crates.io-index"
checksum = "5ff4ae71b685bbad2f2f391fe74f6b7659a34871c08b210fdc039e43bee07d18"
dependencies = [
 "adler32",
 "crc32fast",
 "libflate_lz77",
]

[[package]]
name = "libflate_lz77"
version = "1.2.0"
source = "registry+https://github.com/rust-lang/crates.io-index"
checksum = "a52d3a8bfc85f250440e4424db7d857e241a3aebbbe301f3eb606ab15c39acbf"
dependencies = [
 "rle-decode-fast",
]

[[package]]
name = "log"
version = "0.4.18"
source = "registry+https://github.com/rust-lang/crates.io-index"
checksum = "518ef76f2f87365916b142844c16d8fefd85039bc5699050210a7778ee1cd1de"

[[package]]
name = "miniz_oxide"
version = "0.7.1"
source = "registry+https://github.com/rust-lang/crates.io-index"
checksum = "e7810e0be55b428ada41041c41f32c9f1a42817901b4ccf45fa3d4b6561e74c7"
dependencies = [
 "adler",
 "simd-adler32",
]

[[package]]
name = "orfail"
version = "0.1.3"
source = "registry+https://github.com/rust-lang/crates.io-index"
checksum = "63693524dde8ee60c934b171cad39f5c6b0351504f31ce2966bcc9e481e1d4c3"
dependencies = [
 "serde",
]

[[package]]
name = "pagurus"
version = "0.6.3"
source = "registry+https://github.com/rust-lang/crates.io-index"
checksum = "ac5c084c8713b71f8a345db8aa6f3fa7b86f50ebc9a073a43be1b842570fb890"
dependencies = [
 "getrandom",
 "log",
 "orfail",
 "rand_chacha",
 "rand_core",
 "serde",
 "serde_json",
]

[[package]]
name = "pixcil"
version = "0.5.0"
source = "registry+https://github.com/rust-lang/crates.io-index"
checksum = "979c5d94ecc6ff9b91435353f9d68c6a5d4d5b261af3dc11c0e05a2e81eee884"
dependencies = [
 "byteorder",
 "libflate",
 "log",
 "pagurus",
 "png",
 "serde",
 "serde_json",
]

[[package]]
name = "png"
version = "0.17.8"
source = "registry+https://github.com/rust-lang/crates.io-index"
checksum = "aaeebc51f9e7d2c150d3f3bfeb667f2aa985db5ef1e3d212847bdedb488beeaa"
dependencies = [
 "bitflags",
 "crc32fast",
 "fdeflate",
 "flate2",
 "miniz_oxide",
]

[[package]]
name = "ppv-lite86"
version = "0.2.17"
source = "registry+https://github.com/rust-lang/crates.io-index"
checksum = "5b40af805b3121feab8a3c29f04d8ad262fa8e0561883e7653e024ae4479e6de"

[[package]]
name = "proc-macro2"
version = "1.0.59"
source = "registry+https://github.com/rust-lang/crates.io-index"
checksum = "6aeca18b86b413c660b781aa319e4e2648a3e6f9eadc9b47e9038e6fe9f3451b"
dependencies = [
 "unicode-ident",
]

[[package]]
name = "quote"
version = "1.0.28"
source = "registry+https://github.com/rust-lang/crates.io-index"
checksum = "1b9ab9c7eadfd8df19006f1cf1a4aed13540ed5cbc047010ece5826e10825488"
dependencies = [
 "proc-macro2",
]

[[package]]
name = "rand_chacha"
version = "0.3.1"
source = "registry+https://github.com/rust-lang/crates.io-index"
checksum = "e6c10a63a0fa32252be49d21e7709d4d4baf8d231c2dbce1eaa8141b9b127d88"
dependencies = [
 "ppv-lite86",
 "rand_core",
 "serde",
]

[[package]]
name = "rand_core"
version = "0.6.4"
source = "registry+https://github.com/rust-lang/crates.io-index"
checksum = "ec0be4795e2f6a28069bec0b5ff3e2ac9bafc99e6a9a7dc3547996c5c816922c"

[[package]]
name = "rle-decode-fast"
version = "1.0.3"
source = "registry+https://github.com/rust-lang/crates.io-index"
checksum = "3582f63211428f83597b51b2ddb88e2a91a9d52d12831f9d08f5e624e8977422"

[[package]]
name = "ryu"
version = "1.0.13"
source = "registry+https://github.com/rust-lang/crates.io-index"
checksum = "f91339c0467de62360649f8d3e185ca8de4224ff281f66000de5eb2a77a79041"

[[package]]
name = "serde"
version = "1.0.163"
source = "registry+https://github.com/rust-lang/crates.io-index"
checksum = "2113ab51b87a539ae008b5c6c02dc020ffa39afd2d83cffcb3f4eb2722cebec2"
dependencies = [
 "serde_derive",
]

[[package]]
name = "serde_derive"
version = "1.0.163"
source = "registry+https://github.com/rust-lang/crates.io-index"
checksum = "8c805777e3930c8883389c602315a24224bcc738b63905ef87cd1420353ea93e"
dependencies = [
 "proc-macro2",
 "quote",
 "syn",
]

[[package]]
name = "serde_json"
version = "1.0.96"
source = "registry+https://github.com/rust-lang/crates.io-index"
checksum = "057d394a50403bcac12672b2b18fb387ab6d289d957dab67dd201875391e52f1"
dependencies = [
 "itoa",
 "ryu",
 "serde",
]

[[package]]
name = "simd-adler32"
version = "0.3.5"
source = "registry+https://github.com/rust-lang/crates.io-index"
checksum = "238abfbb77c1915110ad968465608b68e869e0772622c9656714e73e5a1a522f"

[[package]]
name = "syn"
version = "2.0.18"
source = "registry+https://github.com/rust-lang/crates.io-index"
checksum = "32d41677bcbe24c20c52e7c70b0d8db04134c5d1066bf98662e2871ad200ea3e"
dependencies = [
 "proc-macro2",
 "quote",
 "unicode-ident",
]

[[package]]
name = "unicode-ident"
version = "1.0.9"
source = "registry+https://github.com/rust-lang/crates.io-index"
checksum = "b15811caf2415fb889178633e7724bad2509101cde276048e013b9def5e51fa0"

[[package]]
name = "wasi"
version = "0.11.0+wasi-snapshot-preview1"
source = "registry+https://github.com/rust-lang/crates.io-index"
checksum = "9c8d87e72b64a3b4db28d11ce29237c246188f4f51057d65a7eab63b7987e423"
